
Microsoft Visual Studio Solution File, Format Version 12.00
# Visual Studio Version 17
VisualStudioVersion = 17.9.34723.18
MinimumVisualStudioVersion = 10.0.40219.1
Project("{FAE04EC0-301F-11D3-BF4B-00C04F79EFBC}") = "40Fingers.MmSkinsModule", "40Fingers.MmSkinsModule.csproj", "{2E88F654-FA5C-446C-A3C4-F87576591252}"
EndProject
Global
	GlobalSection(SolutionConfigurationPlatforms) = preSolution
		Debug|Any CPU = Debug|Any CPU
		Release|Any CPU = Release|Any CPU
	EndGlobalSection
	GlobalSection(ProjectConfigurationPlatforms) = postSolution
		{2E88F654-FA5C-446C-A3C4-F87576591252}.Debug|Any CPU.ActiveCfg = Debug|Any CPU
		{2E88F654-FA5C-446C-A3C4-F87576591252}.Debug|Any CPU.Build.0 = Debug|Any CPU
		{2E88F654-FA5C-446C-A3C4-F87576591252}.Release|Any CPU.ActiveCfg = Release|Any CPU
		{2E88F654-FA5C-446C-A3C4-F87576591252}.Release|Any CPU.Build.0 = Release|Any CPU
	EndGlobalSection
	GlobalSection(SolutionProperties) = preSolution
		HideSolutionNode = FALSE
	EndGlobalSection
	GlobalSection(ExtensibilityGlobals) = postSolution
		SolutionGuid = {7843ddb1-2dd0-45c7-a498-b7442b4b5516}
	EndGlobalSection
EndGlobal
